
Microsoft Visual Studio Solution File, Format Version 12.00
# Visual Studio Version 17
VisualStudioVersion = 17.11.35219.272
MinimumVisualStudioVersion = 10.0.40219.1
Project("{FAE04EC0-301F-11D3-BF4B-00C04F79EFBC}") = "Ejercicio1", "Ejercicio1.csproj", "{A278F189-11EF-4BA2-9A44-D80DB9B037A1}"
EndProject
Global
	GlobalSection(SolutionConfigurationPlatforms) = preSolution
		Debug|Any CPU = Debug|Any CPU
		Release|Any CPU = Release|Any CPU
	EndGlobalSection
	GlobalSection(ProjectConfigurationPlatforms) = postSolution
		{A278F189-11EF-4BA2-9A44-D80DB9B037A1}.Debug|Any CPU.ActiveCfg = Debug|Any CPU
		{A278F189-11EF-4BA2-9A44-D80DB9B037A1}.Debug|Any CPU.Build.0 = Debug|Any CPU
		{A278F189-11EF-4BA2-9A44-D80DB9B037A1}.Release|Any CPU.ActiveCfg = Release|Any CPU
		{A278F189-11EF-4BA2-9A44-D80DB9B037A1}.Release|Any CPU.Build.0 = Release|Any CPU
	EndGlobalSection
	GlobalSection(SolutionProperties) = preSolution
		HideSolutionNode = FALSE
	EndGlobalSection
	GlobalSection(ExtensibilityGlobals) = postSolution
		SolutionGuid = {62204707-CD83-465C-BD89-B77155578BFF}
	EndGlobalSection
EndGlobal
